
Microsoft Visual Studio Solution File, Format Version 12.00
# Visual Studio Version 17
VisualStudioVersion = 17.4.33213.308
MinimumVisualStudioVersion = 10.0.40219.1
Project("{9A19103F-16F7-4668-BE54-9A1E7A4F7556}") = "ElectronicShopStoreApp", "ElectronicShopStoreApp\ElectronicShopStoreApp.csproj", "{ECCBD030-EF0D-4A4B-BB92-E22A9C5DE1CF}"
EndProject
Global
	GlobalSection(SolutionConfigurationPlatforms) = preSolution
		Debug|Any CPU = Debug|Any CPU
		Release|Any CPU = Release|Any CPU
	EndGlobalSection
	GlobalSection(ProjectConfigurationPlatforms) = postSolution
		{ECCBD030-EF0D-4A4B-BB92-E22A9C5DE1CF}.Debug|Any CPU.ActiveCfg = Debug|Any CPU
		{ECCBD030-EF0D-4A4B-BB92-E22A9C5DE1CF}.Debug|Any CPU.Build.0 = Debug|Any CPU
		{ECCBD030-EF0D-4A4B-BB92-E22A9C5DE1CF}.Release|Any CPU.ActiveCfg = Release|Any CPU
		{ECCBD030-EF0D-4A4B-BB92-E22A9C5DE1CF}.Release|Any CPU.Build.0 = Release|Any CPU
	EndGlobalSection
	GlobalSection(SolutionProperties) = preSolution
		HideSolutionNode = FALSE
	EndGlobalSection
	GlobalSection(ExtensibilityGlobals) = postSolution
		SolutionGuid = {2E0D4305-5281-4777-A07D-26B9D47C3421}
	EndGlobalSection
EndGlobal
